
Microsoft Visual Studio Solution File, Format Version 12.00
# Visual Studio Version 17
VisualStudioVersion = 17.9.34714.143
MinimumVisualStudioVersion = 10.0.40219.1
Project("{9A19103F-16F7-4668-BE54-9A1E7A4F7556}") = "CorreoTestLemonCode", "CorreoTestLemonCode\CorreoTestLemonCode.csproj", "{3C967981-689F-4255-B478-4CDDB25E62A3}"
EndProject
Project("{9A19103F-16F7-4668-BE54-9A1E7A4F7556}") = "CorreoMessage.Test", "CorreoMessage.Test\CorreoMessage.Test.csproj", "{0E25EE93-8466-4672-8B15-EE637F818930}"
EndProject
Project("{2150E333-8FDC-42A3-9474-1A3956D46DE8}") = "Solution Items", "Solution Items", "{4AE073D4-B663-4AE6-AE2F-9BA206C69799}"
	ProjectSection(SolutionItems) = preProject
		README.md = README.md
	EndProjectSection
EndProject
Global
	GlobalSection(SolutionConfigurationPlatforms) = preSolution
		Debug|Any CPU = Debug|Any CPU
		Release|Any CPU = Release|Any CPU
	EndGlobalSection
	GlobalSection(ProjectConfigurationPlatforms) = postSolution
		{3C967981-689F-4255-B478-4CDDB25E62A3}.Debug|Any CPU.ActiveCfg = Debug|Any CPU
		{3C967981-689F-4255-B478-4CDDB25E62A3}.Debug|Any CPU.Build.0 = Debug|Any CPU
		{3C967981-689F-4255-B478-4CDDB25E62A3}.Release|Any CPU.ActiveCfg = Release|Any CPU
		{3C967981-689F-4255-B478-4CDDB25E62A3}.Release|Any CPU.Build.0 = Release|Any CPU
		{0E25EE93-8466-4672-8B15-EE637F818930}.Debug|Any CPU.ActiveCfg = Debug|Any CPU
		{0E25EE93-8466-4672-8B15-EE637F818930}.Debug|Any CPU.Build.0 = Debug|Any CPU
		{0E25EE93-8466-4672-8B15-EE637F818930}.Release|Any CPU.ActiveCfg = Release|Any CPU
		{0E25EE93-8466-4672-8B15-EE637F818930}.Release|Any CPU.Build.0 = Release|Any CPU
	EndGlobalSection
	GlobalSection(SolutionProperties) = preSolution
		HideSolutionNode = FALSE
	EndGlobalSection
	GlobalSection(ExtensibilityGlobals) = postSolution
		SolutionGuid = {A59C47B2-94CF-4A46-AAF6-E85449907BF8}
	EndGlobalSection
EndGlobal
